
Microsoft Visual Studio Solution File, Format Version 12.00
# Visual Studio Version 17
VisualStudioVersion = 17.3.32825.248
MinimumVisualStudioVersion = 10.0.40219.1
Project("{8BC9CEB8-8B4A-11D0-8D11-00A0C91BC942}") = "Modul11_CountSort", "Modul11_CountSort.vcxproj", "{3D245D36-0141-47DA-9B9F-CD295CA14F14}"
EndProject
Global
	GlobalSection(SolutionConfigurationPlatforms) = preSolution
		Debug|x64 = Debug|x64
		Debug|x86 = Debug|x86
		Release|x64 = Release|x64
		Release|x86 = Release|x86
	EndGlobalSection
	GlobalSection(ProjectConfigurationPlatforms) = postSolution
		{3D245D36-0141-47DA-9B9F-CD295CA14F14}.Debug|x64.ActiveCfg = Debug|x64
		{3D245D36-0141-47DA-9B9F-CD295CA14F14}.Debug|x64.Build.0 = Debug|x64
		{3D245D36-0141-47DA-9B9F-CD295CA14F14}.Debug|x86.ActiveCfg = Debug|Win32
		{3D245D36-0141-47DA-9B9F-CD295CA14F14}.Debug|x86.Build.0 = Debug|Win32
		{3D245D36-0141-47DA-9B9F-CD295CA14F14}.Release|x64.ActiveCfg = Release|x64
		{3D245D36-0141-47DA-9B9F-CD295CA14F14}.Release|x64.Build.0 = Release|x64
		{3D245D36-0141-47DA-9B9F-CD295CA14F14}.Release|x86.ActiveCfg = Release|Win32
		{3D245D36-0141-47DA-9B9F-CD295CA14F14}.Release|x86.Build.0 = Release|Win32
	EndGlobalSection
	GlobalSection(SolutionProperties) = preSolution
		HideSolutionNode = FALSE
	EndGlobalSection
	GlobalSection(ExtensibilityGlobals) = postSolution
		SolutionGuid = {A49DAD87-AC2D-4618-B97D-3582F8825670}
	EndGlobalSection
EndGlobal
